
Microsoft Visual Studio Solution File, Format Version 12.00
# Visual Studio Version 16
VisualStudioVersion = 16.0.31105.61
MinimumVisualStudioVersion = 10.0.40219.1
Project("{FAE04EC0-301F-11D3-BF4B-00C04F79EFBC}") = "booksApi", "booksApi\booksApi.csproj", "{D031DD36-B711-4AF1-8134-A387D52F174D}"
EndProject
Global
	GlobalSection(SolutionConfigurationPlatforms) = preSolution
		Debug|Any CPU = Debug|Any CPU
		Release|Any CPU = Release|Any CPU
	EndGlobalSection
	GlobalSection(ProjectConfigurationPlatforms) = postSolution
		{D031DD36-B711-4AF1-8134-A387D52F174D}.Debug|Any CPU.ActiveCfg = Debug|Any CPU
		{D031DD36-B711-4AF1-8134-A387D52F174D}.Debug|Any CPU.Build.0 = Debug|Any CPU
		{D031DD36-B711-4AF1-8134-A387D52F174D}.Release|Any CPU.ActiveCfg = Release|Any CPU
		{D031DD36-B711-4AF1-8134-A387D52F174D}.Release|Any CPU.Build.0 = Release|Any CPU
	EndGlobalSection
	GlobalSection(SolutionProperties) = preSolution
		HideSolutionNode = FALSE
	EndGlobalSection
	GlobalSection(ExtensibilityGlobals) = postSolution
		SolutionGuid = {A0E24A4A-8BA1-4C8C-93C1-FFB1699C69BD}
	EndGlobalSection
EndGlobal
